
Microsoft Visual Studio Solution File, Format Version 12.00
# Visual Studio 2012
Project("{FAE04EC0-301F-11D3-BF4B-00C04F79EFBC}") = "Messages", "Message\Messages.csproj", "{25B4FADC-EE2B-4506-A880-1A5A8042E831}"
EndProject
Project("{FAE04EC0-301F-11D3-BF4B-00C04F79EFBC}") = "Publisher", "Publisher\Publisher.csproj", "{0E36B7DB-443C-4BBE-90AD-75880DE8B334}"
EndProject
Project("{FAE04EC0-301F-11D3-BF4B-00C04F79EFBC}") = "Subscriber", "Subscriber\Subscriber.csproj", "{F5B5CD35-6980-47F4-805D-0C4C674FBB16}"
EndProject
Project("{2150E333-8FDC-42A3-9474-1A3956D46DE8}") = "PublishSubscribe", "PublishSubscribe", "{4F549E83-99A5-40EF-93AC-9C7F280F5814}"
EndProject
Project("{2150E333-8FDC-42A3-9474-1A3956D46DE8}") = "RequestResponse", "RequestResponse", "{29680481-1131-440E-92E6-28DAAF0A45CB}"
EndProject
Project("{FAE04EC0-301F-11D3-BF4B-00C04F79EFBC}") = "Requestor", "Requestor\Requestor.csproj", "{93C0C374-A72E-4A74-A796-6E1DB8F4DF26}"
EndProject
Project("{FAE04EC0-301F-11D3-BF4B-00C04F79EFBC}") = "Responder", "Responder\Responder.csproj", "{3529A083-B4D8-4229-B51E-68388F95B3DC}"
EndProject
Project("{2150E333-8FDC-42A3-9474-1A3956D46DE8}") = "SendReceive", "SendReceive", "{1E25E668-4318-4DDF-BC0C-FE373AAB604B}"
EndProject
Project("{FAE04EC0-301F-11D3-BF4B-00C04F79EFBC}") = "Sender", "Sender\Sender.csproj", "{C695D113-9241-4F0D-BDB0-437842CC91BF}"
EndProject
Project("{FAE04EC0-301F-11D3-BF4B-00C04F79EFBC}") = "Receiver", "Receiver\Receiver.csproj", "{88BDCB83-4EEE-4330-9494-398C33A916A7}"
EndProject
Global
	GlobalSection(SolutionConfigurationPlatforms) = preSolution
		Debug|Any CPU = Debug|Any CPU
		Release|Any CPU = Release|Any CPU
	EndGlobalSection
	GlobalSection(ProjectConfigurationPlatforms) = postSolution
		{25B4FADC-EE2B-4506-A880-1A5A8042E831}.Debug|Any CPU.ActiveCfg = Debug|Any CPU
		{25B4FADC-EE2B-4506-A880-1A5A8042E831}.Debug|Any CPU.Build.0 = Debug|Any CPU
		{25B4FADC-EE2B-4506-A880-1A5A8042E831}.Release|Any CPU.ActiveCfg = Release|Any CPU
		{25B4FADC-EE2B-4506-A880-1A5A8042E831}.Release|Any CPU.Build.0 = Release|Any CPU
		{0E36B7DB-443C-4BBE-90AD-75880DE8B334}.Debug|Any CPU.ActiveCfg = Debug|Any CPU
		{0E36B7DB-443C-4BBE-90AD-75880DE8B334}.Debug|Any CPU.Build.0 = Debug|Any CPU
		{0E36B7DB-443C-4BBE-90AD-75880DE8B334}.Release|Any CPU.ActiveCfg = Release|Any CPU
		{0E36B7DB-443C-4BBE-90AD-75880DE8B334}.Release|Any CPU.Build.0 = Release|Any CPU
		{F5B5CD35-6980-47F4-805D-0C4C674FBB16}.Debug|Any CPU.ActiveCfg = Debug|Any CPU
		{F5B5CD35-6980-47F4-805D-0C4C674FBB16}.Debug|Any CPU.Build.0 = Debug|Any CPU
		{F5B5CD35-6980-47F4-805D-0C4C674FBB16}.Release|Any CPU.ActiveCfg = Release|Any CPU
		{F5B5CD35-6980-47F4-805D-0C4C674FBB16}.Release|Any CPU.Build.0 = Release|Any CPU
		{93C0C374-A72E-4A74-A796-6E1DB8F4DF26}.Debug|Any CPU.ActiveCfg = Debug|Any CPU
		{93C0C374-A72E-4A74-A796-6E1DB8F4DF26}.Debug|Any CPU.Build.0 = Debug|Any CPU
		{93C0C374-A72E-4A74-A796-6E1DB8F4DF26}.Release|Any CPU.ActiveCfg = Release|Any CPU
		{93C0C374-A72E-4A74-A796-6E1DB8F4DF26}.Release|Any CPU.Build.0 = Release|Any CPU
		{3529A083-B4D8-4229-B51E-68388F95B3DC}.Debug|Any CPU.ActiveCfg = Debug|Any CPU
		{3529A083-B4D8-4229-B51E-68388F95B3DC}.Debug|Any CPU.Build.0 = Debug|Any CPU
		{3529A083-B4D8-4229-B51E-68388F95B3DC}.Release|Any CPU.ActiveCfg = Release|Any CPU
		{3529A083-B4D8-4229-B51E-68388F95B3DC}.Release|Any CPU.Build.0 = Release|Any CPU
		{C695D113-9241-4F0D-BDB0-437842CC91BF}.Debug|Any CPU.ActiveCfg = Debug|Any CPU
		{C695D113-9241-4F0D-BDB0-437842CC91BF}.Debug|Any CPU.Build.0 = Debug|Any CPU
		{C695D113-9241-4F0D-BDB0-437842CC91BF}.Release|Any CPU.ActiveCfg = Release|Any CPU
		{C695D113-9241-4F0D-BDB0-437842CC91BF}.Release|Any CPU.Build.0 = Release|Any CPU
		{88BDCB83-4EEE-4330-9494-398C33A916A7}.Debug|Any CPU.ActiveCfg = Debug|Any CPU
		{88BDCB83-4EEE-4330-9494-398C33A916A7}.Debug|Any CPU.Build.0 = Debug|Any CPU
		{88BDCB83-4EEE-4330-9494-398C33A916A7}.Release|Any CPU.ActiveCfg = Release|Any CPU
		{88BDCB83-4EEE-4330-9494-398C33A916A7}.Release|Any CPU.Build.0 = Release|Any CPU
	EndGlobalSection
	GlobalSection(SolutionProperties) = preSolution
		HideSolutionNode = FALSE
	EndGlobalSection
	GlobalSection(NestedProjects) = preSolution
		{F5B5CD35-6980-47F4-805D-0C4C674FBB16} = {4F549E83-99A5-40EF-93AC-9C7F280F5814}
		{0E36B7DB-443C-4BBE-90AD-75880DE8B334} = {4F549E83-99A5-40EF-93AC-9C7F280F5814}
		{93C0C374-A72E-4A74-A796-6E1DB8F4DF26} = {29680481-1131-440E-92E6-28DAAF0A45CB}
		{3529A083-B4D8-4229-B51E-68388F95B3DC} = {29680481-1131-440E-92E6-28DAAF0A45CB}
		{C695D113-9241-4F0D-BDB0-437842CC91BF} = {1E25E668-4318-4DDF-BC0C-FE373AAB604B}
		{88BDCB83-4EEE-4330-9494-398C33A916A7} = {1E25E668-4318-4DDF-BC0C-FE373AAB604B}
	EndGlobalSection
EndGlobal
