
Microsoft Visual Studio Solution File, Format Version 12.00
# Visual Studio 2012
Project("{FAE04EC0-301F-11D3-BF4B-00C04F79EFBC}") = "Sender", "Sender\Sender.csproj", "{89A3C723-4905-46F4-9F72-3BB5E0731459}"
EndProject
Project("{FAE04EC0-301F-11D3-BF4B-00C04F79EFBC}") = "Receiver", "Receiver\Receiver.csproj", "{9062B4C0-5ABD-4FF2-A11E-34406C99900E}"
EndProject
Project("{2150E333-8FDC-42A3-9474-1A3956D46DE8}") = "01_HelloWorld", "01_HelloWorld", "{E87CF318-5E1E-48F8-BB7F-3E6BFE202BA8}"
EndProject
Project("{2150E333-8FDC-42A3-9474-1A3956D46DE8}") = "02_WorkQueues", "02_WorkQueues", "{B5A0A235-33F3-4ABA-8B28-085AEB2A4BAA}"
EndProject
Project("{FAE04EC0-301F-11D3-BF4B-00C04F79EFBC}") = "NewTask", "NewTask\NewTask.csproj", "{AD55642E-3E28-4531-9CCC-CF7B099AA786}"
EndProject
Project("{FAE04EC0-301F-11D3-BF4B-00C04F79EFBC}") = "Worker", "Worker\Worker.csproj", "{E3BA2B33-1910-4417-89DD-A2BE806D55E9}"
EndProject
Project("{2150E333-8FDC-42A3-9474-1A3956D46DE8}") = "03_PublishSubscribe", "03_PublishSubscribe", "{6F774864-75B3-45D9-8E51-FFD10F95EDCC}"
EndProject
Project("{FAE04EC0-301F-11D3-BF4B-00C04F79EFBC}") = "EmitLog", "EmitLog\EmitLog.csproj", "{20E448D7-5274-4949-9866-6EBBEDF1FADE}"
EndProject
Project("{FAE04EC0-301F-11D3-BF4B-00C04F79EFBC}") = "ReceiveLogs", "ReceiveLogs\ReceiveLogs.csproj", "{90EB0B5E-7F31-426B-AA13-8FA201A828EE}"
EndProject
Project("{2150E333-8FDC-42A3-9474-1A3956D46DE8}") = "04_Routing", "04_Routing", "{2D9F0F62-9403-4432-8D8D-7FADCBFF58B8}"
EndProject
Project("{FAE04EC0-301F-11D3-BF4B-00C04F79EFBC}") = "EmitLogDirect", "EmitLogDirect\EmitLogDirect.csproj", "{4EF775D9-CD54-4DE9-B144-08D4CEC06CBD}"
EndProject
Project("{FAE04EC0-301F-11D3-BF4B-00C04F79EFBC}") = "ReceiveLogsDirect", "ReceiveLogsDirect\ReceiveLogsDirect.csproj", "{DE4D4CC5-A0C9-44C3-9D71-9A08C9C096F3}"
EndProject
Project("{2150E333-8FDC-42A3-9474-1A3956D46DE8}") = "05_Topics", "05_Topics", "{0A2671AC-0DDE-4154-B9D6-C0F5F74EAC21}"
EndProject
Project("{2150E333-8FDC-42A3-9474-1A3956D46DE8}") = "06_RPC", "06_RPC", "{10E0FB1C-57C5-438C-9C7F-6E423BC454F0}"
EndProject
Project("{FAE04EC0-301F-11D3-BF4B-00C04F79EFBC}") = "EmitLogTopic", "EmitLogTopic\EmitLogTopic.csproj", "{FD8CEE26-49E9-4AD3-B8F4-4A886F33222E}"
EndProject
Project("{FAE04EC0-301F-11D3-BF4B-00C04F79EFBC}") = "ReceiveLogsTopic", "ReceiveLogsTopic\ReceiveLogsTopic.csproj", "{50D087E5-614D-44BF-849E-DEE426F3A86F}"
EndProject
Project("{FAE04EC0-301F-11D3-BF4B-00C04F79EFBC}") = "RpcClient", "RpcClient\RpcClient.csproj", "{FE97D4BB-D763-4BD6-9B3E-E429FFF35870}"
EndProject
Project("{FAE04EC0-301F-11D3-BF4B-00C04F79EFBC}") = "RpcServer", "RpcServer\RpcServer.csproj", "{44687917-85E2-4B3B-9D36-5CE69DBA1DC2}"
EndProject
Global
	GlobalSection(SolutionConfigurationPlatforms) = preSolution
		Debug|Any CPU = Debug|Any CPU
		Release|Any CPU = Release|Any CPU
	EndGlobalSection
	GlobalSection(ProjectConfigurationPlatforms) = postSolution
		{89A3C723-4905-46F4-9F72-3BB5E0731459}.Debug|Any CPU.ActiveCfg = Debug|Any CPU
		{89A3C723-4905-46F4-9F72-3BB5E0731459}.Debug|Any CPU.Build.0 = Debug|Any CPU
		{89A3C723-4905-46F4-9F72-3BB5E0731459}.Release|Any CPU.ActiveCfg = Release|Any CPU
		{89A3C723-4905-46F4-9F72-3BB5E0731459}.Release|Any CPU.Build.0 = Release|Any CPU
		{9062B4C0-5ABD-4FF2-A11E-34406C99900E}.Debug|Any CPU.ActiveCfg = Debug|Any CPU
		{9062B4C0-5ABD-4FF2-A11E-34406C99900E}.Debug|Any CPU.Build.0 = Debug|Any CPU
		{9062B4C0-5ABD-4FF2-A11E-34406C99900E}.Release|Any CPU.ActiveCfg = Release|Any CPU
		{9062B4C0-5ABD-4FF2-A11E-34406C99900E}.Release|Any CPU.Build.0 = Release|Any CPU
		{AD55642E-3E28-4531-9CCC-CF7B099AA786}.Debug|Any CPU.ActiveCfg = Debug|Any CPU
		{AD55642E-3E28-4531-9CCC-CF7B099AA786}.Debug|Any CPU.Build.0 = Debug|Any CPU
		{AD55642E-3E28-4531-9CCC-CF7B099AA786}.Release|Any CPU.ActiveCfg = Release|Any CPU
		{AD55642E-3E28-4531-9CCC-CF7B099AA786}.Release|Any CPU.Build.0 = Release|Any CPU
		{E3BA2B33-1910-4417-89DD-A2BE806D55E9}.Debug|Any CPU.ActiveCfg = Debug|Any CPU
		{E3BA2B33-1910-4417-89DD-A2BE806D55E9}.Debug|Any CPU.Build.0 = Debug|Any CPU
		{E3BA2B33-1910-4417-89DD-A2BE806D55E9}.Release|Any CPU.ActiveCfg = Release|Any CPU
		{E3BA2B33-1910-4417-89DD-A2BE806D55E9}.Release|Any CPU.Build.0 = Release|Any CPU
		{20E448D7-5274-4949-9866-6EBBEDF1FADE}.Debug|Any CPU.ActiveCfg = Debug|Any CPU
		{20E448D7-5274-4949-9866-6EBBEDF1FADE}.Debug|Any CPU.Build.0 = Debug|Any CPU
		{20E448D7-5274-4949-9866-6EBBEDF1FADE}.Release|Any CPU.ActiveCfg = Release|Any CPU
		{20E448D7-5274-4949-9866-6EBBEDF1FADE}.Release|Any CPU.Build.0 = Release|Any CPU
		{90EB0B5E-7F31-426B-AA13-8FA201A828EE}.Debug|Any CPU.ActiveCfg = Debug|Any CPU
		{90EB0B5E-7F31-426B-AA13-8FA201A828EE}.Debug|Any CPU.Build.0 = Debug|Any CPU
		{90EB0B5E-7F31-426B-AA13-8FA201A828EE}.Release|Any CPU.ActiveCfg = Release|Any CPU
		{90EB0B5E-7F31-426B-AA13-8FA201A828EE}.Release|Any CPU.Build.0 = Release|Any CPU
		{4EF775D9-CD54-4DE9-B144-08D4CEC06CBD}.Debug|Any CPU.ActiveCfg = Debug|Any CPU
		{4EF775D9-CD54-4DE9-B144-08D4CEC06CBD}.Debug|Any CPU.Build.0 = Debug|Any CPU
		{4EF775D9-CD54-4DE9-B144-08D4CEC06CBD}.Release|Any CPU.ActiveCfg = Release|Any CPU
		{4EF775D9-CD54-4DE9-B144-08D4CEC06CBD}.Release|Any CPU.Build.0 = Release|Any CPU
		{DE4D4CC5-A0C9-44C3-9D71-9A08C9C096F3}.Debug|Any CPU.ActiveCfg = Debug|Any CPU
		{DE4D4CC5-A0C9-44C3-9D71-9A08C9C096F3}.Debug|Any CPU.Build.0 = Debug|Any CPU
		{DE4D4CC5-A0C9-44C3-9D71-9A08C9C096F3}.Release|Any CPU.ActiveCfg = Release|Any CPU
		{DE4D4CC5-A0C9-44C3-9D71-9A08C9C096F3}.Release|Any CPU.Build.0 = Release|Any CPU
		{FD8CEE26-49E9-4AD3-B8F4-4A886F33222E}.Debug|Any CPU.ActiveCfg = Debug|Any CPU
		{FD8CEE26-49E9-4AD3-B8F4-4A886F33222E}.Debug|Any CPU.Build.0 = Debug|Any CPU
		{FD8CEE26-49E9-4AD3-B8F4-4A886F33222E}.Release|Any CPU.ActiveCfg = Release|Any CPU
		{FD8CEE26-49E9-4AD3-B8F4-4A886F33222E}.Release|Any CPU.Build.0 = Release|Any CPU
		{50D087E5-614D-44BF-849E-DEE426F3A86F}.Debug|Any CPU.ActiveCfg = Debug|Any CPU
		{50D087E5-614D-44BF-849E-DEE426F3A86F}.Debug|Any CPU.Build.0 = Debug|Any CPU
		{50D087E5-614D-44BF-849E-DEE426F3A86F}.Release|Any CPU.ActiveCfg = Release|Any CPU
		{50D087E5-614D-44BF-849E-DEE426F3A86F}.Release|Any CPU.Build.0 = Release|Any CPU
		{FE97D4BB-D763-4BD6-9B3E-E429FFF35870}.Debug|Any CPU.ActiveCfg = Debug|Any CPU
		{FE97D4BB-D763-4BD6-9B3E-E429FFF35870}.Debug|Any CPU.Build.0 = Debug|Any CPU
		{FE97D4BB-D763-4BD6-9B3E-E429FFF35870}.Release|Any CPU.ActiveCfg = Release|Any CPU
		{FE97D4BB-D763-4BD6-9B3E-E429FFF35870}.Release|Any CPU.Build.0 = Release|Any CPU
		{44687917-85E2-4B3B-9D36-5CE69DBA1DC2}.Debug|Any CPU.ActiveCfg = Debug|Any CPU
		{44687917-85E2-4B3B-9D36-5CE69DBA1DC2}.Debug|Any CPU.Build.0 = Debug|Any CPU
		{44687917-85E2-4B3B-9D36-5CE69DBA1DC2}.Release|Any CPU.ActiveCfg = Release|Any CPU
		{44687917-85E2-4B3B-9D36-5CE69DBA1DC2}.Release|Any CPU.Build.0 = Release|Any CPU
	EndGlobalSection
	GlobalSection(SolutionProperties) = preSolution
		HideSolutionNode = FALSE
	EndGlobalSection
	GlobalSection(NestedProjects) = preSolution
		{9062B4C0-5ABD-4FF2-A11E-34406C99900E} = {E87CF318-5E1E-48F8-BB7F-3E6BFE202BA8}
		{89A3C723-4905-46F4-9F72-3BB5E0731459} = {E87CF318-5E1E-48F8-BB7F-3E6BFE202BA8}
		{AD55642E-3E28-4531-9CCC-CF7B099AA786} = {B5A0A235-33F3-4ABA-8B28-085AEB2A4BAA}
		{E3BA2B33-1910-4417-89DD-A2BE806D55E9} = {B5A0A235-33F3-4ABA-8B28-085AEB2A4BAA}
		{20E448D7-5274-4949-9866-6EBBEDF1FADE} = {6F774864-75B3-45D9-8E51-FFD10F95EDCC}
		{90EB0B5E-7F31-426B-AA13-8FA201A828EE} = {6F774864-75B3-45D9-8E51-FFD10F95EDCC}
		{4EF775D9-CD54-4DE9-B144-08D4CEC06CBD} = {2D9F0F62-9403-4432-8D8D-7FADCBFF58B8}
		{DE4D4CC5-A0C9-44C3-9D71-9A08C9C096F3} = {2D9F0F62-9403-4432-8D8D-7FADCBFF58B8}
		{FD8CEE26-49E9-4AD3-B8F4-4A886F33222E} = {0A2671AC-0DDE-4154-B9D6-C0F5F74EAC21}
		{50D087E5-614D-44BF-849E-DEE426F3A86F} = {0A2671AC-0DDE-4154-B9D6-C0F5F74EAC21}
		{FE97D4BB-D763-4BD6-9B3E-E429FFF35870} = {10E0FB1C-57C5-438C-9C7F-6E423BC454F0}
		{44687917-85E2-4B3B-9D36-5CE69DBA1DC2} = {10E0FB1C-57C5-438C-9C7F-6E423BC454F0}
	EndGlobalSection
EndGlobal
